
Microsoft Visual Studio Solution File, Format Version 12.00
# Visual Studio 15
VisualStudioVersion = 15.0.27130.2027
MinimumVisualStudioVersion = 10.0.40219.1
Project("{FAE04EC0-301F-11D3-BF4B-00C04F79EFBC}") = "CS_36_Challenge", "CS_36_Challenge\CS_36_Challenge.csproj", "{22126864-968C-4273-8F15-35E6BF2C0F9A}"
EndProject
Global
	GlobalSection(SolutionConfigurationPlatforms) = preSolution
		Debug|Any CPU = Debug|Any CPU
		Release|Any CPU = Release|Any CPU
	EndGlobalSection
	GlobalSection(ProjectConfigurationPlatforms) = postSolution
		{22126864-968C-4273-8F15-35E6BF2C0F9A}.Debug|Any CPU.ActiveCfg = Debug|Any CPU
		{22126864-968C-4273-8F15-35E6BF2C0F9A}.Debug|Any CPU.Build.0 = Debug|Any CPU
		{22126864-968C-4273-8F15-35E6BF2C0F9A}.Release|Any CPU.ActiveCfg = Release|Any CPU
		{22126864-968C-4273-8F15-35E6BF2C0F9A}.Release|Any CPU.Build.0 = Release|Any CPU
	EndGlobalSection
	GlobalSection(SolutionProperties) = preSolution
		HideSolutionNode = FALSE
	EndGlobalSection
	GlobalSection(ExtensibilityGlobals) = postSolution
		SolutionGuid = {1FA4C787-2C39-4F1B-B034-B76843FB3BF3}
	EndGlobalSection
EndGlobal
