
Microsoft Visual Studio Solution File, Format Version 12.00
# Visual Studio 15
VisualStudioVersion = 15.0.27130.2027
MinimumVisualStudioVersion = 10.0.40219.1
Project("{FAE04EC0-301F-11D3-BF4B-00C04F79EFBC}") = "CS_045_ChallengeSimpleDarts", "CS_045_ChallengeSimpleDarts\CS_045_ChallengeSimpleDarts.csproj", "{BDC970E4-C3B4-43BA-A7B1-C38689F67338}"
EndProject
Project("{FAE04EC0-301F-11D3-BF4B-00C04F79EFBC}") = "Darts", "Darts\Darts.csproj", "{6B2B7602-22A7-4716-A93B-54F7345B63FE}"
EndProject
Global
	GlobalSection(SolutionConfigurationPlatforms) = preSolution
		Debug|Any CPU = Debug|Any CPU
		Release|Any CPU = Release|Any CPU
	EndGlobalSection
	GlobalSection(ProjectConfigurationPlatforms) = postSolution
		{BDC970E4-C3B4-43BA-A7B1-C38689F67338}.Debug|Any CPU.ActiveCfg = Debug|Any CPU
		{BDC970E4-C3B4-43BA-A7B1-C38689F67338}.Debug|Any CPU.Build.0 = Debug|Any CPU
		{BDC970E4-C3B4-43BA-A7B1-C38689F67338}.Release|Any CPU.ActiveCfg = Release|Any CPU
		{BDC970E4-C3B4-43BA-A7B1-C38689F67338}.Release|Any CPU.Build.0 = Release|Any CPU
		{6B2B7602-22A7-4716-A93B-54F7345B63FE}.Debug|Any CPU.ActiveCfg = Debug|Any CPU
		{6B2B7602-22A7-4716-A93B-54F7345B63FE}.Debug|Any CPU.Build.0 = Debug|Any CPU
		{6B2B7602-22A7-4716-A93B-54F7345B63FE}.Release|Any CPU.ActiveCfg = Release|Any CPU
		{6B2B7602-22A7-4716-A93B-54F7345B63FE}.Release|Any CPU.Build.0 = Release|Any CPU
	EndGlobalSection
	GlobalSection(SolutionProperties) = preSolution
		HideSolutionNode = FALSE
	EndGlobalSection
	GlobalSection(ExtensibilityGlobals) = postSolution
		SolutionGuid = {F52C361B-0130-4D55-B6C2-023847071A4A}
	EndGlobalSection
EndGlobal
